
Microsoft Visual Studio Solution File, Format Version 12.00
# Visual Studio Version 17
VisualStudioVersion = 17.1.32210.238
MinimumVisualStudioVersion = 10.0.40219.1
Project("{FAE04EC0-301F-11D3-BF4B-00C04F79EFBC}") = "CurrencyMonitor.GUI", "CurrencyMonitor.GUI\CurrencyMonitor.GUI.csproj", "{A324FD62-D0A1-4A87-9D75-B3D3150202E9}"
EndProject
Project("{FAE04EC0-301F-11D3-BF4B-00C04F79EFBC}") = "CurrencyMonitor.Domain", "CurrencyMonitor.Domain\CurrencyMonitor.Domain.csproj", "{D191433F-328F-444A-9318-9095FE800148}"
EndProject
Project("{FAE04EC0-301F-11D3-BF4B-00C04F79EFBC}") = "CurrencyMonitor.Logic", "CurrencyMonitor.Logic\CurrencyMonitor.Logic.csproj", "{9DFAE4E1-28D9-4A90-AFAD-42930AD1A33D}"
EndProject
Global
	GlobalSection(SolutionConfigurationPlatforms) = preSolution
		Debug|Any CPU = Debug|Any CPU
		Debug|ARM = Debug|ARM
		Debug|ARM64 = Debug|ARM64
		Debug|x64 = Debug|x64
		Debug|x86 = Debug|x86
		Release|Any CPU = Release|Any CPU
		Release|ARM = Release|ARM
		Release|ARM64 = Release|ARM64
		Release|x64 = Release|x64
		Release|x86 = Release|x86
	EndGlobalSection
	GlobalSection(ProjectConfigurationPlatforms) = postSolution
		{A324FD62-D0A1-4A87-9D75-B3D3150202E9}.Debug|Any CPU.ActiveCfg = Debug|x64
		{A324FD62-D0A1-4A87-9D75-B3D3150202E9}.Debug|Any CPU.Build.0 = Debug|x64
		{A324FD62-D0A1-4A87-9D75-B3D3150202E9}.Debug|Any CPU.Deploy.0 = Debug|x64
		{A324FD62-D0A1-4A87-9D75-B3D3150202E9}.Debug|ARM.ActiveCfg = Debug|ARM
		{A324FD62-D0A1-4A87-9D75-B3D3150202E9}.Debug|ARM.Build.0 = Debug|ARM
		{A324FD62-D0A1-4A87-9D75-B3D3150202E9}.Debug|ARM.Deploy.0 = Debug|ARM
		{A324FD62-D0A1-4A87-9D75-B3D3150202E9}.Debug|ARM64.ActiveCfg = Debug|ARM64
		{A324FD62-D0A1-4A87-9D75-B3D3150202E9}.Debug|ARM64.Build.0 = Debug|ARM64
		{A324FD62-D0A1-4A87-9D75-B3D3150202E9}.Debug|ARM64.Deploy.0 = Debug|ARM64
		{A324FD62-D0A1-4A87-9D75-B3D3150202E9}.Debug|x64.ActiveCfg = Debug|x64
		{A324FD62-D0A1-4A87-9D75-B3D3150202E9}.Debug|x64.Build.0 = Debug|x64
		{A324FD62-D0A1-4A87-9D75-B3D3150202E9}.Debug|x64.Deploy.0 = Debug|x64
		{A324FD62-D0A1-4A87-9D75-B3D3150202E9}.Debug|x86.ActiveCfg = Debug|x86
		{A324FD62-D0A1-4A87-9D75-B3D3150202E9}.Debug|x86.Build.0 = Debug|x86
		{A324FD62-D0A1-4A87-9D75-B3D3150202E9}.Debug|x86.Deploy.0 = Debug|x86
		{A324FD62-D0A1-4A87-9D75-B3D3150202E9}.Release|Any CPU.ActiveCfg = Release|x64
		{A324FD62-D0A1-4A87-9D75-B3D3150202E9}.Release|Any CPU.Build.0 = Release|x64
		{A324FD62-D0A1-4A87-9D75-B3D3150202E9}.Release|Any CPU.Deploy.0 = Release|x64
		{A324FD62-D0A1-4A87-9D75-B3D3150202E9}.Release|ARM.ActiveCfg = Release|ARM
		{A324FD62-D0A1-4A87-9D75-B3D3150202E9}.Release|ARM.Build.0 = Release|ARM
		{A324FD62-D0A1-4A87-9D75-B3D3150202E9}.Release|ARM.Deploy.0 = Release|ARM
		{A324FD62-D0A1-4A87-9D75-B3D3150202E9}.Release|ARM64.ActiveCfg = Release|ARM64
		{A324FD62-D0A1-4A87-9D75-B3D3150202E9}.Release|ARM64.Build.0 = Release|ARM64
		{A324FD62-D0A1-4A87-9D75-B3D3150202E9}.Release|ARM64.Deploy.0 = Release|ARM64
		{A324FD62-D0A1-4A87-9D75-B3D3150202E9}.Release|x64.ActiveCfg = Release|x64
		{A324FD62-D0A1-4A87-9D75-B3D3150202E9}.Release|x64.Build.0 = Release|x64
		{A324FD62-D0A1-4A87-9D75-B3D3150202E9}.Release|x64.Deploy.0 = Release|x64
		{A324FD62-D0A1-4A87-9D75-B3D3150202E9}.Release|x86.ActiveCfg = Release|x86
		{A324FD62-D0A1-4A87-9D75-B3D3150202E9}.Release|x86.Build.0 = Release|x86
		{A324FD62-D0A1-4A87-9D75-B3D3150202E9}.Release|x86.Deploy.0 = Release|x86
		{D191433F-328F-444A-9318-9095FE800148}.Debug|Any CPU.ActiveCfg = Debug|Any CPU
		{D191433F-328F-444A-9318-9095FE800148}.Debug|Any CPU.Build.0 = Debug|Any CPU
		{D191433F-328F-444A-9318-9095FE800148}.Debug|ARM.ActiveCfg = Debug|ARM
		{D191433F-328F-444A-9318-9095FE800148}.Debug|ARM.Build.0 = Debug|ARM
		{D191433F-328F-444A-9318-9095FE800148}.Debug|ARM64.ActiveCfg = Debug|ARM64
		{D191433F-328F-444A-9318-9095FE800148}.Debug|ARM64.Build.0 = Debug|ARM64
		{D191433F-328F-444A-9318-9095FE800148}.Debug|x64.ActiveCfg = Debug|x64
		{D191433F-328F-444A-9318-9095FE800148}.Debug|x64.Build.0 = Debug|x64
		{D191433F-328F-444A-9318-9095FE800148}.Debug|x86.ActiveCfg = Debug|x86
		{D191433F-328F-444A-9318-9095FE800148}.Debug|x86.Build.0 = Debug|x86
		{D191433F-328F-444A-9318-9095FE800148}.Release|Any CPU.ActiveCfg = Release|Any CPU
		{D191433F-328F-444A-9318-9095FE800148}.Release|Any CPU.Build.0 = Release|Any CPU
		{D191433F-328F-444A-9318-9095FE800148}.Release|ARM.ActiveCfg = Release|ARM
		{D191433F-328F-444A-9318-9095FE800148}.Release|ARM.Build.0 = Release|ARM
		{D191433F-328F-444A-9318-9095FE800148}.Release|ARM64.ActiveCfg = Release|ARM64
		{D191433F-328F-444A-9318-9095FE800148}.Release|ARM64.Build.0 = Release|ARM64
		{D191433F-328F-444A-9318-9095FE800148}.Release|x64.ActiveCfg = Release|x64
		{D191433F-328F-444A-9318-9095FE800148}.Release|x64.Build.0 = Release|x64
		{D191433F-328F-444A-9318-9095FE800148}.Release|x86.ActiveCfg = Release|x86
		{D191433F-328F-444A-9318-9095FE800148}.Release|x86.Build.0 = Release|x86
		{9DFAE4E1-28D9-4A90-AFAD-42930AD1A33D}.Debug|Any CPU.ActiveCfg = Debug|Any CPU
		{9DFAE4E1-28D9-4A90-AFAD-42930AD1A33D}.Debug|Any CPU.Build.0 = Debug|Any CPU
		{9DFAE4E1-28D9-4A90-AFAD-42930AD1A33D}.Debug|ARM.ActiveCfg = Debug|ARM
		{9DFAE4E1-28D9-4A90-AFAD-42930AD1A33D}.Debug|ARM.Build.0 = Debug|ARM
		{9DFAE4E1-28D9-4A90-AFAD-42930AD1A33D}.Debug|ARM64.ActiveCfg = Debug|ARM64
		{9DFAE4E1-28D9-4A90-AFAD-42930AD1A33D}.Debug|ARM64.Build.0 = Debug|ARM64
		{9DFAE4E1-28D9-4A90-AFAD-42930AD1A33D}.Debug|x64.ActiveCfg = Debug|x64
		{9DFAE4E1-28D9-4A90-AFAD-42930AD1A33D}.Debug|x64.Build.0 = Debug|x64
		{9DFAE4E1-28D9-4A90-AFAD-42930AD1A33D}.Debug|x86.ActiveCfg = Debug|x86
		{9DFAE4E1-28D9-4A90-AFAD-42930AD1A33D}.Debug|x86.Build.0 = Debug|x86
		{9DFAE4E1-28D9-4A90-AFAD-42930AD1A33D}.Release|Any CPU.ActiveCfg = Release|Any CPU
		{9DFAE4E1-28D9-4A90-AFAD-42930AD1A33D}.Release|Any CPU.Build.0 = Release|Any CPU
		{9DFAE4E1-28D9-4A90-AFAD-42930AD1A33D}.Release|ARM.ActiveCfg = Release|ARM
		{9DFAE4E1-28D9-4A90-AFAD-42930AD1A33D}.Release|ARM.Build.0 = Release|ARM
		{9DFAE4E1-28D9-4A90-AFAD-42930AD1A33D}.Release|ARM64.ActiveCfg = Release|ARM64
		{9DFAE4E1-28D9-4A90-AFAD-42930AD1A33D}.Release|ARM64.Build.0 = Release|ARM64
		{9DFAE4E1-28D9-4A90-AFAD-42930AD1A33D}.Release|x64.ActiveCfg = Release|x64
		{9DFAE4E1-28D9-4A90-AFAD-42930AD1A33D}.Release|x64.Build.0 = Release|x64
		{9DFAE4E1-28D9-4A90-AFAD-42930AD1A33D}.Release|x86.ActiveCfg = Release|x86
		{9DFAE4E1-28D9-4A90-AFAD-42930AD1A33D}.Release|x86.Build.0 = Release|x86
	EndGlobalSection
	GlobalSection(SolutionProperties) = preSolution
		HideSolutionNode = FALSE
	EndGlobalSection
	GlobalSection(ExtensibilityGlobals) = postSolution
		SolutionGuid = {15DE2C54-3A47-42E8-8875-D37CE8165794}
	EndGlobalSection
EndGlobal
